
Microsoft Visual Studio Solution File, Format Version 12.00
# Visual Studio 15
VisualStudioVersion = 15.0.27004.2006
MinimumVisualStudioVersion = 10.0.40219.1
Project("{FAE04EC0-301F-11D3-BF4B-00C04F79EFBC}") = "Wubbalubbadubzork", "Wubbalubbadubzork\Wubbalubbadubzork.csproj", "{EEC30D36-D5B1-4166-B3ED-E5DB8E4CA4C2}"
EndProject
Global
	GlobalSection(SolutionConfigurationPlatforms) = preSolution
		Debug|Any CPU = Debug|Any CPU
		Release|Any CPU = Release|Any CPU
	EndGlobalSection
	GlobalSection(ProjectConfigurationPlatforms) = postSolution
		{EEC30D36-D5B1-4166-B3ED-E5DB8E4CA4C2}.Debug|Any CPU.ActiveCfg = Debug|Any CPU
		{EEC30D36-D5B1-4166-B3ED-E5DB8E4CA4C2}.Debug|Any CPU.Build.0 = Debug|Any CPU
		{EEC30D36-D5B1-4166-B3ED-E5DB8E4CA4C2}.Release|Any CPU.ActiveCfg = Release|Any CPU
		{EEC30D36-D5B1-4166-B3ED-E5DB8E4CA4C2}.Release|Any CPU.Build.0 = Release|Any CPU
	EndGlobalSection
	GlobalSection(SolutionProperties) = preSolution
		HideSolutionNode = FALSE
	EndGlobalSection
	GlobalSection(ExtensibilityGlobals) = postSolution
		SolutionGuid = {8273270F-4CD5-434A-A775-C8576DAABB34}
	EndGlobalSection
EndGlobal
